// !$*UTF8*$!
{
	archiveVersion = 1;
	classes = {
	};
	objectVersion = 50;
	objects = {

/* Begin PBXBuildFile section */
		C07E042026513F70002FDB2B /* AppDelegate.swift in Sources */ = {isa = PBXBuildFile; fileRef = C07E041F26513F70002FDB2B /* AppDelegate.swift */; };
		C07E042226513F70002FDB2B /* SceneDelegate.swift in Sources */ = {isa = PBXBuildFile; fileRef = C07E042126513F70002FDB2B /* SceneDelegate.swift */; };
		C07E042426513F70002FDB2B /* ContentView.swift in Sources */ = {isa = PBXBuildFile; fileRef = C07E042326513F70002FDB2B /* ContentView.swift */; };
		C07E042626513F73002FDB2B /* Assets.xcassets in Resources */ = {isa = PBXBuildFile; fileRef = C07E042526513F73002FDB2B /* Assets.xcassets */; };
		C07E042926513F73002FDB2B /* Preview Assets.xcassets in Resources */ = {isa = PBXBuildFile; fileRef = C07E042826513F73002FDB2B /* Preview Assets.xcassets */; };
		C07E042C26513F73002FDB2B /* LaunchScreen.storyboard in Resources */ = {isa = PBXBuildFile; fileRef = C07E042A26513F73002FDB2B /* LaunchScreen.storyboard */; };
		C07E0435265140F2002FDB2B /* InfoModel.swift in Sources */ = {isa = PBXBuildFile; fileRef = C07E0434265140F2002FDB2B /* InfoModel.swift */; };
		C07E043726514136002FDB2B /* CharacterModel.swift in Sources */ = {isa = PBXBuildFile; fileRef = C07E043626514136002FDB2B /* CharacterModel.swift */; };
		C07E043926514169002FDB2B /* Characters.swift in Sources */ = {isa = PBXBuildFile; fileRef = C07E043826514169002FDB2B /* Characters.swift */; };
		C07E043B26514192002FDB2B /* LocationModel.swift in Sources */ = {isa = PBXBuildFile; fileRef = C07E043A26514192002FDB2B /* LocationModel.swift */; };
		C07E043D265141BF002FDB2B /* Locations.swift in Sources */ = {isa = PBXBuildFile; fileRef = C07E043C265141BF002FDB2B /* Locations.swift */; };
		C07E043F265141DB002FDB2B /* EpisodeModel.swift in Sources */ = {isa = PBXBuildFile; fileRef = C07E043E265141DB002FDB2B /* EpisodeModel.swift */; };
		C07E04412651421A002FDB2B /* Episodes.swift in Sources */ = {isa = PBXBuildFile; fileRef = C07E04402651421A002FDB2B /* Episodes.swift */; };
		C07E044426514270002FDB2B /* Network.swift in Sources */ = {isa = PBXBuildFile; fileRef = C07E044326514270002FDB2B /* Network.swift */; };
		C07E0446265142DC002FDB2B /* ImageLoader.swift in Sources */ = {isa = PBXBuildFile; fileRef = C07E0445265142DC002FDB2B /* ImageLoader.swift */; };
		C07E044826514309002FDB2B /* AsyncImage.swift in Sources */ = {isa = PBXBuildFile; fileRef = C07E044726514309002FDB2B /* AsyncImage.swift */; };
		C07E044A26514362002FDB2B /* ImageCache.swift in Sources */ = {isa = PBXBuildFile; fileRef = C07E044926514362002FDB2B /* ImageCache.swift */; };
		C07E044C26514383002FDB2B /* ImageCacheKey.swift in Sources */ = {isa = PBXBuildFile; fileRef = C07E044B26514383002FDB2B /* ImageCacheKey.swift */; };
		C07E04502651442B002FDB2B /* CharacterListItemView.swift in Sources */ = {isa = PBXBuildFile; fileRef = C07E044F2651442B002FDB2B /* CharacterListItemView.swift */; };
		C07E045226514468002FDB2B /* CharacterFullBioView.swift in Sources */ = {isa = PBXBuildFile; fileRef = C07E045126514468002FDB2B /* CharacterFullBioView.swift */; };
		C07E0454265144A5002FDB2B /* LocationView.swift in Sources */ = {isa = PBXBuildFile; fileRef = C07E0453265144A5002FDB2B /* LocationView.swift */; };
		C07E0456265144E0002FDB2B /* EpisodeView.swift in Sources */ = {isa = PBXBuildFile; fileRef = C07E0455265144E0002FDB2B /* EpisodeView.swift */; };
		C07E04592651684C002FDB2B /* ExplainerImages.json in Resources */ = {isa = PBXBuildFile; fileRef = C07E04582651684C002FDB2B /* ExplainerImages.json */; };
		C07E045C2651695F002FDB2B /* Extensions.swift in Sources */ = {isa = PBXBuildFile; fileRef = C07E045B2651695F002FDB2B /* Extensions.swift */; };
		C07E045E265169ED002FDB2B /* ExplainationView.swift in Sources */ = {isa = PBXBuildFile; fileRef = C07E045D265169ED002FDB2B /* ExplainationView.swift */; };
		C07E046026516A23002FDB2B /* Explaination.swift in Sources */ = {isa = PBXBuildFile; fileRef = C07E045F26516A23002FDB2B /* Explaination.swift */; };
		C07E0463265178A0002FDB2B /* CharacterPage.swift in Sources */ = {isa = PBXBuildFile; fileRef = C07E0462265178A0002FDB2B /* CharacterPage.swift */; };
		C07E0465265178E4002FDB2B /* LocationPage.swift in Sources */ = {isa = PBXBuildFile; fileRef = C07E0464265178E4002FDB2B /* LocationPage.swift */; };
		C07E046726517900002FDB2B /* EpisodePage.swift in Sources */ = {isa = PBXBuildFile; fileRef = C07E046626517900002FDB2B /* EpisodePage.swift */; };
		C07E046926517AE5002FDB2B /* K.swift in Sources */ = {isa = PBXBuildFile; fileRef = C07E046826517AE5002FDB2B /* K.swift */; };
/* End PBXBuildFile section */

/* Begin PBXFileReference section */
		C07E041C26513F70002FDB2B /* Rick and Morty.app */ = {isa = PBXFileReference; explicitFileType = wrapper.application; includeInIndex = 0; path = "Rick and Morty.app"; sourceTree = BUILT_PRODUCTS_DIR; };
		C07E041F26513F70002FDB2B /* AppDelegate.swift */ = {isa = PBXFileReference; lastKnownFileType = sourcecode.swift; path = AppDelegate.swift; sourceTree = "<group>"; };
		C07E042126513F70002FDB2B /* SceneDelegate.swift */ = {isa = PBXFileReference; lastKnownFileType = sourcecode.swift; path = SceneDelegate.swift; sourceTree = "<group>"; };
		C07E042326513F70002FDB2B /* ContentView.swift */ = {isa = PBXFileReference; lastKnownFileType = sourcecode.swift; path = ContentView.swift; sourceTree = "<group>"; };
		C07E042526513F73002FDB2B /* Assets.xcassets */ = {isa = PBXFileReference; lastKnownFileType = folder.assetcatalog; path = Assets.xcassets; sourceTree = "<group>"; };
		C07E042826513F73002FDB2B /* Preview Assets.xcassets */ = {isa = PBXFileReference; lastKnownFileType = folder.assetcatalog; path = "Preview Assets.xcassets"; sourceTree = "<group>"; };
		C07E042B26513F73002FDB2B /* Base */ = {isa = PBXFileReference; lastKnownFileType = file.storyboard; name = Base; path = Base.lproj/LaunchScreen.storyboard; sourceTree = "<group>"; };
		C07E042D26513F73002FDB2B /* Info.plist */ = {isa = PBXFileReference; lastKnownFileType = text.plist.xml; path = Info.plist; sourceTree = "<group>"; };
		C07E0434265140F2002FDB2B /* InfoModel.swift */ = {isa = PBXFileReference; lastKnownFileType = sourcecode.swift; path = InfoModel.swift; sourceTree = "<group>"; };
		C07E043626514136002FDB2B /* CharacterModel.swift */ = {isa = PBXFileReference; lastKnownFileType = sourcecode.swift; path = CharacterModel.swift; sourceTree = "<group>"; };
		C07E043826514169002FDB2B /* Characters.swift */ = {isa = PBXFileReference; lastKnownFileType = sourcecode.swift; path = Characters.swift; sourceTree = "<group>"; };
		C07E043A26514192002FDB2B /* LocationModel.swift */ = {isa = PBXFileReference; lastKnownFileType = sourcecode.swift; path = LocationModel.swift; sourceTree = "<group>"; };
		C07E043C265141BF002FDB2B /* Locations.swift */ = {isa = PBXFileReference; lastKnownFileType = sourcecode.swift; path = Locations.swift; sourceTree = "<group>"; };
		C07E043E265141DB002FDB2B /* EpisodeModel.swift */ = {isa = PBXFileReference; lastKnownFileType = sourcecode.swift; path = EpisodeModel.swift; sourceTree = "<group>"; };
		C07E04402651421A002FDB2B /* Episodes.swift */ = {isa = PBXFileReference; lastKnownFileType = sourcecode.swift; path = Episodes.swift; sourceTree = "<group>"; };
		C07E044326514270002FDB2B /* Network.swift */ = {isa = PBXFileReference; lastKnownFileType = sourcecode.swift; path = Network.swift; sourceTree = "<group>"; };
		C07E0445265142DC002FDB2B /* ImageLoader.swift */ = {isa = PBXFileReference; lastKnownFileType = sourcecode.swift; path = ImageLoader.swift; sourceTree = "<group>"; };
		C07E044726514309002FDB2B /* AsyncImage.swift */ = {isa = PBXFileReference; lastKnownFileType = sourcecode.swift; path = AsyncImage.swift; sourceTree = "<group>"; };
		C07E044926514362002FDB2B /* ImageCache.swift */ = {isa = PBXFileReference; lastKnownFileType = sourcecode.swift; path = ImageCache.swift; sourceTree = "<group>"; };
		C07E044B26514383002FDB2B /* ImageCacheKey.swift */ = {isa = PBXFileReference; lastKnownFileType = sourcecode.swift; path = ImageCacheKey.swift; sourceTree = "<group>"; };
		C07E044F2651442B002FDB2B /* CharacterListItemView.swift */ = {isa = PBXFileReference; lastKnownFileType = sourcecode.swift; path = CharacterListItemView.swift; sourceTree = "<group>"; };
		C07E045126514468002FDB2B /* CharacterFullBioView.swift */ = {isa = PBXFileReference; lastKnownFileType = sourcecode.swift; path = CharacterFullBioView.swift; sourceTree = "<group>"; };
		C07E0453265144A5002FDB2B /* LocationView.swift */ = {isa = PBXFileReference; lastKnownFileType = sourcecode.swift; path = LocationView.swift; sourceTree = "<group>"; };
		C07E0455265144E0002FDB2B /* EpisodeView.swift */ = {isa = PBXFileReference; lastKnownFileType = sourcecode.swift; path = EpisodeView.swift; sourceTree = "<group>"; };
		C07E04582651684C002FDB2B /* ExplainerImages.json */ = {isa = PBXFileReference; lastKnownFileType = text.json; path = ExplainerImages.json; sourceTree = "<group>"; };
		C07E045B2651695F002FDB2B /* Extensions.swift */ = {isa = PBXFileReference; lastKnownFileType = sourcecode.swift; path = Extensions.swift; sourceTree = "<group>"; };
		C07E045D265169ED002FDB2B /* ExplainationView.swift */ = {isa = PBXFileReference; lastKnownFileType = sourcecode.swift; path = ExplainationView.swift; sourceTree = "<group>"; };
		C07E045F26516A23002FDB2B /* Explaination.swift */ = {isa = PBXFileReference; lastKnownFileType = sourcecode.swift; path = Explaination.swift; sourceTree = "<group>"; };
		C07E0462265178A0002FDB2B /* CharacterPage.swift */ = {isa = PBXFileReference; lastKnownFileType = sourcecode.swift; path = CharacterPage.swift; sourceTree = "<group>"; };
		C07E0464265178E4002FDB2B /* LocationPage.swift */ = {isa = PBXFileReference; lastKnownFileType = sourcecode.swift; path = LocationPage.swift; sourceTree = "<group>"; };
		C07E046626517900002FDB2B /* EpisodePage.swift */ = {isa = PBXFileReference; lastKnownFileType = sourcecode.swift; path = EpisodePage.swift; sourceTree = "<group>"; };
		C07E046826517AE5002FDB2B /* K.swift */ = {isa = PBXFileReference; lastKnownFileType = sourcecode.swift; path = K.swift; sourceTree = "<group>"; };
/* End PBXFileReference section */

/* Begin PBXFrameworksBuildPhase section */
		C07E041926513F70002FDB2B /* Frameworks */ = {
			isa = PBXFrameworksBuildPhase;
			buildActionMask = 2147483647;
			files = (
			);
			runOnlyForDeploymentPostprocessing = 0;
		};
/* End PBXFrameworksBuildPhase section */

/* Begin PBXGroup section */
		C07E041326513F70002FDB2B = {
			isa = PBXGroup;
			children = (
				C07E041E26513F70002FDB2B /* Rick and Morty */,
				C07E041D26513F70002FDB2B /* Products */,
			);
			sourceTree = "<group>";
		};
		C07E041D26513F70002FDB2B /* Products */ = {
			isa = PBXGroup;
			children = (
				C07E041C26513F70002FDB2B /* Rick and Morty.app */,
			);
			name = Products;
			sourceTree = "<group>";
		};
		C07E041E26513F70002FDB2B /* Rick and Morty */ = {
			isa = PBXGroup;
			children = (
				C07E045A2651693E002FDB2B /* Helper */,
				C07E045726516804002FDB2B /* Data */,
				C07E044226514252002FDB2B /* Networking */,
				C07E0433265140B3002FDB2B /* Model */,
				C07E044D265143AD002FDB2B /* App */,
				C07E044E265143C2002FDB2B /* Views */,
				C07E042526513F73002FDB2B /* Assets.xcassets */,
				C07E042A26513F73002FDB2B /* LaunchScreen.storyboard */,
				C07E042D26513F73002FDB2B /* Info.plist */,
				C07E042726513F73002FDB2B /* Preview Content */,
			);
			path = "Rick and Morty";
			sourceTree = "<group>";
		};
		C07E042726513F73002FDB2B /* Preview Content */ = {
			isa = PBXGroup;
			children = (
				C07E042826513F73002FDB2B /* Preview Assets.xcassets */,
			);
			path = "Preview Content";
			sourceTree = "<group>";
		};
		C07E0433265140B3002FDB2B /* Model */ = {
			isa = PBXGroup;
			children = (
				C07E04612651788B002FDB2B /* Pages */,
				C07E0434265140F2002FDB2B /* InfoModel.swift */,
				C07E043626514136002FDB2B /* CharacterModel.swift */,
				C07E043826514169002FDB2B /* Characters.swift */,
				C07E043A26514192002FDB2B /* LocationModel.swift */,
				C07E043C265141BF002FDB2B /* Locations.swift */,
				C07E043E265141DB002FDB2B /* EpisodeModel.swift */,
				C07E04402651421A002FDB2B /* Episodes.swift */,
				C07E045F26516A23002FDB2B /* Explaination.swift */,
			);
			path = Model;
			sourceTree = "<group>";
		};
		C07E044226514252002FDB2B /* Networking */ = {
			isa = PBXGroup;
			children = (
				C07E044326514270002FDB2B /* Network.swift */,
				C07E0445265142DC002FDB2B /* ImageLoader.swift */,
				C07E044726514309002FDB2B /* AsyncImage.swift */,
				C07E044926514362002FDB2B /* ImageCache.swift */,
				C07E044B26514383002FDB2B /* ImageCacheKey.swift */,
			);
			path = Networking;
			sourceTree = "<group>";
		};
		C07E044D265143AD002FDB2B /* App */ = {
			isa = PBXGroup;
			children = (
				C07E041F26513F70002FDB2B /* AppDelegate.swift */,
				C07E042126513F70002FDB2B /* SceneDelegate.swift */,
			);
			path = App;
			sourceTree = "<group>";
		};
		C07E044E265143C2002FDB2B /* Views */ = {
			isa = PBXGroup;
			children = (
				C07E042326513F70002FDB2B /* ContentView.swift */,
				C07E044F2651442B002FDB2B /* CharacterListItemView.swift */,
				C07E045126514468002FDB2B /* CharacterFullBioView.swift */,
				C07E0453265144A5002FDB2B /* LocationView.swift */,
				C07E0455265144E0002FDB2B /* EpisodeView.swift */,
				C07E045D265169ED002FDB2B /* ExplainationView.swift */,
			);
			path = Views;
			sourceTree = "<group>";
		};
		C07E045726516804002FDB2B /* Data */ = {
			isa = PBXGroup;
			children = (
				C07E04582651684C002FDB2B /* ExplainerImages.json */,
			);
			path = Data;
			sourceTree = "<group>";
		};
		C07E045A2651693E002FDB2B /* Helper */ = {
			isa = PBXGroup;
			children = (
				C07E045B2651695F002FDB2B /* Extensions.swift */,
				C07E046826517AE5002FDB2B /* K.swift */,
			);
			path = Helper;
			sourceTree = "<group>";
		};
		C07E04612651788B002FDB2B /* Pages */ = {
			isa = PBXGroup;
			children = (
				C07E0462265178A0002FDB2B /* CharacterPage.swift */,
				C07E0464265178E4002FDB2B /* LocationPage.swift */,
				C07E046626517900002FDB2B /* EpisodePage.swift */,
			);
			path = Pages;
			sourceTree = "<group>";
		};
/* End PBXGroup section */

/* Begin PBXNativeTarget section */
		C07E041B26513F70002FDB2B /* Rick and Morty */ = {
			isa = PBXNativeTarget;
			buildConfigurationList = C07E043026513F73002FDB2B /* Build configuration list for PBXNativeTarget "Rick and Morty" */;
			buildPhases = (
				C07E041826513F70002FDB2B /* Sources */,
				C07E041926513F70002FDB2B /* Frameworks */,
				C07E041A26513F70002FDB2B /* Resources */,
			);
			buildRules = (
			);
			dependencies = (
			);
			name = "Rick and Morty";
			productName = "Rick and Morty";
			productReference = C07E041C26513F70002FDB2B /* Rick and Morty.app */;
			productType = "com.apple.product-type.application";
		};
/* End PBXNativeTarget section */

/* Begin PBXProject section */
		C07E041426513F70002FDB2B /* Project object */ = {
			isa = PBXProject;
			attributes = {
				LastSwiftUpdateCheck = 1250;
				LastUpgradeCheck = 1250;
				TargetAttributes = {
					C07E041B26513F70002FDB2B = {
						CreatedOnToolsVersion = 12.5;
					};
				};
			};
			buildConfigurationList = C07E041726513F70002FDB2B /* Build configuration list for PBXProject "Rick and Morty" */;
			compatibilityVersion = "Xcode 9.3";
			developmentRegion = en;
			hasScannedForEncodings = 0;
			knownRegions = (
				en,
				Base,
			);
			mainGroup = C07E041326513F70002FDB2B;
			productRefGroup = C07E041D26513F70002FDB2B /* Products */;
			projectDirPath = "";
			projectRoot = "";
			targets = (
				C07E041B26513F70002FDB2B /* Rick and Morty */,
			);
		};
/* End PBXProject section */

/* Begin PBXResourcesBuildPhase section */
		C07E041A26513F70002FDB2B /* Resources */ = {
			isa = PBXResourcesBuildPhase;
			buildActionMask = 2147483647;
			files = (
				C07E042C26513F73002FDB2B /* LaunchScreen.storyboard in Resources */,
				C07E042926513F73002FDB2B /* Preview Assets.xcassets in Resources */,
				C07E04592651684C002FDB2B /* ExplainerImages.json in Resources */,
				C07E042626513F73002FDB2B /* Assets.xcassets in Resources */,
			);
			runOnlyForDeploymentPostprocessing = 0;
		};
/* End PBXResourcesBuildPhase section */

/* Begin PBXSourcesBuildPhase section */
		C07E041826513F70002FDB2B /* Sources */ = {
			isa = PBXSourcesBuildPhase;
			buildActionMask = 2147483647;
			files = (
				C07E042026513F70002FDB2B /* AppDelegate.swift in Sources */,
				C07E04412651421A002FDB2B /* Episodes.swift in Sources */,
				C07E0446265142DC002FDB2B /* ImageLoader.swift in Sources */,
				C07E043926514169002FDB2B /* Characters.swift in Sources */,
				C07E043726514136002FDB2B /* CharacterModel.swift in Sources */,
				C07E046926517AE5002FDB2B /* K.swift in Sources */,
				C07E042226513F70002FDB2B /* SceneDelegate.swift in Sources */,
				C07E04502651442B002FDB2B /* CharacterListItemView.swift in Sources */,
				C07E0454265144A5002FDB2B /* LocationView.swift in Sources */,
				C07E042426513F70002FDB2B /* ContentView.swift in Sources */,
				C07E0456265144E0002FDB2B /* EpisodeView.swift in Sources */,
				C07E043F265141DB002FDB2B /* EpisodeModel.swift in Sources */,
				C07E044426514270002FDB2B /* Network.swift in Sources */,
				C07E043B26514192002FDB2B /* LocationModel.swift in Sources */,
				C07E043D265141BF002FDB2B /* Locations.swift in Sources */,
				C07E044826514309002FDB2B /* AsyncImage.swift in Sources */,
				C07E045C2651695F002FDB2B /* Extensions.swift in Sources */,
				C07E044A26514362002FDB2B /* ImageCache.swift in Sources */,
				C07E044C26514383002FDB2B /* ImageCacheKey.swift in Sources */,
				C07E046726517900002FDB2B /* EpisodePage.swift in Sources */,
				C07E045E265169ED002FDB2B /* ExplainationView.swift in Sources */,
				C07E0465265178E4002FDB2B /* LocationPage.swift in Sources */,
				C07E046026516A23002FDB2B /* Explaination.swift in Sources */,
				C07E0435265140F2002FDB2B /* InfoModel.swift in Sources */,
				C07E045226514468002FDB2B /* CharacterFullBioView.swift in Sources */,
				C07E0463265178A0002FDB2B /* CharacterPage.swift in Sources */,
			);
			runOnlyForDeploymentPostprocessing = 0;
		};
/* End PBXSourcesBuildPhase section */

/* Begin PBXVariantGroup section */
		C07E042A26513F73002FDB2B /* LaunchScreen.storyboard */ = {
			isa = PBXVariantGroup;
			children = (
				C07E042B26513F73002FDB2B /* Base */,
			);
			name = LaunchScreen.storyboard;
			sourceTree = "<group>";
		};
/* End PBXVariantGroup section */

/* Begin XCBuildConfiguration section */
		C07E042E26513F73002FDB2B /* Debug */ = {
			isa = XCBuildConfiguration;
			buildSettings = {
				ALWAYS_SEARCH_USER_PATHS = NO;
				CLANG_ANALYZER_NONNULL = YES;
				CLANG_ANALYZER_NUMBER_OBJECT_CONVERSION = YES_AGGRESSIVE;
				CLANG_CXX_LANGUAGE_STANDARD = "gnu++14";
				CLANG_CXX_LIBRARY = "libc++";
				CLANG_ENABLE_MODULES = YES;
				CLANG_ENABLE_OBJC_ARC = YES;
				CLANG_ENABLE_OBJC_WEAK = YES;
				CLANG_WARN_BLOCK_CAPTURE_AUTORELEASING = YES;
				CLANG_WARN_BOOL_CONVERSION = YES;
				CLANG_WARN_COMMA = YES;
				CLANG_WARN_CONSTANT_CONVERSION = YES;
				CLANG_WARN_DEPRECATED_OBJC_IMPLEMENTATIONS = YES;
				CLANG_WARN_DIRECT_OBJC_ISA_USAGE = YES_ERROR;
				CLANG_WARN_DOCUMENTATION_COMMENTS = YES;
				CLANG_WARN_EMPTY_BODY = YES;
				CLANG_WARN_ENUM_CONVERSION = YES;
				CLANG_WARN_INFINITE_RECURSION = YES;
				CLANG_WARN_INT_CONVERSION = YES;
				CLANG_WARN_NON_LITERAL_NULL_CONVERSION = YES;
				CLANG_WARN_OBJC_IMPLICIT_RETAIN_SELF = YES;
				CLANG_WARN_OBJC_LITERAL_CONVERSION = YES;
				CLANG_WARN_OBJC_ROOT_CLASS = YES_ERROR;
				CLANG_WARN_QUOTED_INCLUDE_IN_FRAMEWORK_HEADER = YES;
				CLANG_WARN_RANGE_LOOP_ANALYSIS = YES;
				CLANG_WARN_STRICT_PROTOTYPES = YES;
				CLANG_WARN_SUSPICIOUS_MOVE = YES;
				CLANG_WARN_UNGUARDED_AVAILABILITY = YES_AGGRESSIVE;
				CLANG_WARN_UNREACHABLE_CODE = YES;
				CLANG_WARN__DUPLICATE_METHOD_MATCH = YES;
				COPY_PHASE_STRIP = NO;
				DEBUG_INFORMATION_FORMAT = dwarf;
				ENABLE_STRICT_OBJC_MSGSEND = YES;
				ENABLE_TESTABILITY = YES;
				GCC_C_LANGUAGE_STANDARD = gnu11;
				GCC_DYNAMIC_NO_PIC = NO;
				GCC_NO_COMMON_BLOCKS = YES;
				GCC_OPTIMIZATION_LEVEL = 0;
				GCC_PREPROCESSOR_DEFINITIONS = (
					"DEBUG=1",
					"$(inherited)",
				);
				GCC_WARN_64_TO_32_BIT_CONVERSION = YES;
				GCC_WARN_ABOUT_RETURN_TYPE = YES_ERROR;
				GCC_WARN_UNDECLARED_SELECTOR = YES;
				GCC_WARN_UNINITIALIZED_AUTOS = YES_AGGRESSIVE;
				GCC_WARN_UNUSED_FUNCTION = YES;
				GCC_WARN_UNUSED_VARIABLE = YES;
				IPHONEOS_DEPLOYMENT_TARGET = 14.1;
				MTL_ENABLE_DEBUG_INFO = INCLUDE_SOURCE;
				MTL_FAST_MATH = YES;
				ONLY_ACTIVE_ARCH = YES;
				SDKROOT = iphoneos;
				SWIFT_ACTIVE_COMPILATION_CONDITIONS = DEBUG;
				SWIFT_OPTIMIZATION_LEVEL = "-Onone";
			};
			name = Debug;
		};
		C07E042F26513F73002FDB2B /* Release */ = {
			isa = XCBuildConfiguration;
			buildSettings = {
				ALWAYS_SEARCH_USER_PATHS = NO;
				CLANG_ANALYZER_NONNULL = YES;
				CLANG_ANALYZER_NUMBER_OBJECT_CONVERSION = YES_AGGRESSIVE;
				CLANG_CXX_LANGUAGE_STANDARD = "gnu++14";
				CLANG_CXX_LIBRARY = "libc++";
				CLANG_ENABLE_MODULES = YES;
				CLANG_ENABLE_OBJC_ARC = YES;
				CLANG_ENABLE_OBJC_WEAK = YES;
				CLANG_WARN_BLOCK_CAPTURE_AUTORELEASING = YES;
				CLANG_WARN_BOOL_CONVERSION = YES;
				CLANG_WARN_COMMA = YES;
				CLANG_WARN_CONSTANT_CONVERSION = YES;
				CLANG_WARN_DEPRECATED_OBJC_IMPLEMENTATIONS = YES;
				CLANG_WARN_DIRECT_OBJC_ISA_USAGE = YES_ERROR;
				CLANG_WARN_DOCUMENTATION_COMMENTS = YES;
				CLANG_WARN_EMPTY_BODY = YES;
				CLANG_WARN_ENUM_CONVERSION = YES;
				CLANG_WARN_INFINITE_RECURSION = YES;
				CLANG_WARN_INT_CONVERSION = YES;
				CLANG_WARN_NON_LITERAL_NULL_CONVERSION = YES;
				CLANG_WARN_OBJC_IMPLICIT_RETAIN_SELF = YES;
				CLANG_WARN_OBJC_LITERAL_CONVERSION = YES;
				CLANG_WARN_OBJC_ROOT_CLASS = YES_ERROR;
				CLANG_WARN_QUOTED_INCLUDE_IN_FRAMEWORK_HEADER = YES;
				CLANG_WARN_RANGE_LOOP_ANALYSIS = YES;
				CLANG_WARN_STRICT_PROTOTYPES = YES;
				CLANG_WARN_SUSPICIOUS_MOVE = YES;
				CLANG_WARN_UNGUARDED_AVAILABILITY = YES_AGGRESSIVE;
				CLANG_WARN_UNREACHABLE_CODE = YES;
				CLANG_WARN__DUPLICATE_METHOD_MATCH = YES;
				COPY_PHASE_STRIP = NO;
				DEBUG_INFORMATION_FORMAT = "dwarf-with-dsym";
				ENABLE_NS_ASSERTIONS = NO;
				ENABLE_STRICT_OBJC_MSGSEND = YES;
				GCC_C_LANGUAGE_STANDARD = gnu11;
				GCC_NO_COMMON_BLOCKS = YES;
				GCC_WARN_64_TO_32_BIT_CONVERSION = YES;
				GCC_WARN_ABOUT_RETURN_TYPE = YES_ERROR;
				GCC_WARN_UNDECLARED_SELECTOR = YES;
				GCC_WARN_UNINITIALIZED_AUTOS = YES_AGGRESSIVE;
				GCC_WARN_UNUSED_FUNCTION = YES;
				GCC_WARN_UNUSED_VARIABLE = YES;
				IPHONEOS_DEPLOYMENT_TARGET = 14.1;
				MTL_ENABLE_DEBUG_INFO = NO;
				MTL_FAST_MATH = YES;
				SDKROOT = iphoneos;
				SWIFT_COMPILATION_MODE = wholemodule;
				SWIFT_OPTIMIZATION_LEVEL = "-O";
				VALIDATE_PRODUCT = YES;
			};
			name = Release;
		};
		C07E043126513F73002FDB2B /* Debug */ = {
			isa = XCBuildConfiguration;
			buildSettings = {
				ASSETCATALOG_COMPILER_APPICON_NAME = AppIcon;
				ASSETCATALOG_COMPILER_GLOBAL_ACCENT_COLOR_NAME = AccentColor;
				CODE_SIGN_STYLE = Automatic;
				DEVELOPMENT_ASSET_PATHS = "\"Rick and Morty/Preview Content\"";
				DEVELOPMENT_TEAM = 3K48Q49JNM;
				ENABLE_PREVIEWS = YES;
				INFOPLIST_FILE = "Rick and Morty/Info.plist";
				LD_RUNPATH_SEARCH_PATHS = (
					"$(inherited)",
					"@executable_path/Frameworks",
				);
				PRODUCT_BUNDLE_IDENTIFIER = "ca.ressabit.Rick-and-Morty";
				PRODUCT_NAME = "$(TARGET_NAME)";
				SWIFT_VERSION = 5.0;
				TARGETED_DEVICE_FAMILY = "1,2";
			};
			name = Debug;
		};
		C07E043226513F73002FDB2B /* Release */ = {
			isa = XCBuildConfiguration;
			buildSettings = {
				ASSETCATALOG_COMPILER_APPICON_NAME = AppIcon;
				ASSETCATALOG_COMPILER_GLOBAL_ACCENT_COLOR_NAME = AccentColor;
				CODE_SIGN_STYLE = Automatic;
				DEVELOPMENT_ASSET_PATHS = "\"Rick and Morty/Preview Content\"";
				DEVELOPMENT_TEAM = 3K48Q49JNM;
				ENABLE_PREVIEWS = YES;
				INFOPLIST_FILE = "Rick and Morty/Info.plist";
				LD_RUNPATH_SEARCH_PATHS = (
					"$(inherited)",
					"@executable_path/Frameworks",
				);
				PRODUCT_BUNDLE_IDENTIFIER = "ca.ressabit.Rick-and-Morty";
				PRODUCT_NAME = "$(TARGET_NAME)";
				SWIFT_VERSION = 5.0;
				TARGETED_DEVICE_FAMILY = "1,2";
			};
			name = Release;
		};
/* End XCBuildConfiguration section */

/* Begin XCConfigurationList section */
		C07E041726513F70002FDB2B /* Build configuration list for PBXProject "Rick and Morty" */ = {
			isa = XCConfigurationList;
			buildConfigurations = (
				C07E042E26513F73002FDB2B /* Debug */,
				C07E042F26513F73002FDB2B /* Release */,
			);
			defaultConfigurationIsVisible = 0;
			defaultConfigurationName = Release;
		};
		C07E043026513F73002FDB2B /* Build configuration list for PBXNativeTarget "Rick and Morty" */ = {
			isa = XCConfigurationList;
			buildConfigurations = (
				C07E043126513F73002FDB2B /* Debug */,
				C07E043226513F73002FDB2B /* Release */,
			);
			defaultConfigurationIsVisible = 0;
			defaultConfigurationName = Release;
		};
/* End XCConfigurationList section */
	};
	rootObject = C07E041426513F70002FDB2B /* Project object */;
}
